
Microsoft Visual Studio Solution File, Format Version 12.00
# Visual Studio 15
VisualStudioVersion = 15.0.26124.0
MinimumVisualStudioVersion = 15.0.26124.0
Project("{FAE04EC0-301F-11D3-BF4B-00C04F79EFBC}") = "bug-bounty", "bug-bounty\bug-bounty.csproj", "{C604F48D-677B-4A6B-AE76-55478789127D}"
EndProject
Project("{FAE04EC0-301F-11D3-BF4B-00C04F79EFBC}") = "bug-bounty-test", "bug-bounty-test\bug-bounty-test.csproj", "{45693A4F-4668-4CE9-AECF-FF9645DBB3EC}"
EndProject
Global
	GlobalSection(SolutionConfigurationPlatforms) = preSolution
		Debug|Any CPU = Debug|Any CPU
		Debug|x64 = Debug|x64
		Debug|x86 = Debug|x86
		Release|Any CPU = Release|Any CPU
		Release|x64 = Release|x64
		Release|x86 = Release|x86
	EndGlobalSection
	GlobalSection(SolutionProperties) = preSolution
		HideSolutionNode = FALSE
	EndGlobalSection
	GlobalSection(ProjectConfigurationPlatforms) = postSolution
		{C604F48D-677B-4A6B-AE76-55478789127D}.Debug|Any CPU.ActiveCfg = Debug|Any CPU
		{C604F48D-677B-4A6B-AE76-55478789127D}.Debug|Any CPU.Build.0 = Debug|Any CPU
		{C604F48D-677B-4A6B-AE76-55478789127D}.Debug|x64.ActiveCfg = Debug|x64
		{C604F48D-677B-4A6B-AE76-55478789127D}.Debug|x64.Build.0 = Debug|x64
		{C604F48D-677B-4A6B-AE76-55478789127D}.Debug|x86.ActiveCfg = Debug|x86
		{C604F48D-677B-4A6B-AE76-55478789127D}.Debug|x86.Build.0 = Debug|x86
		{C604F48D-677B-4A6B-AE76-55478789127D}.Release|Any CPU.ActiveCfg = Release|Any CPU
		{C604F48D-677B-4A6B-AE76-55478789127D}.Release|Any CPU.Build.0 = Release|Any CPU
		{C604F48D-677B-4A6B-AE76-55478789127D}.Release|x64.ActiveCfg = Release|x64
		{C604F48D-677B-4A6B-AE76-55478789127D}.Release|x64.Build.0 = Release|x64
		{C604F48D-677B-4A6B-AE76-55478789127D}.Release|x86.ActiveCfg = Release|x86
		{C604F48D-677B-4A6B-AE76-55478789127D}.Release|x86.Build.0 = Release|x86
		{45693A4F-4668-4CE9-AECF-FF9645DBB3EC}.Debug|Any CPU.ActiveCfg = Debug|Any CPU
		{45693A4F-4668-4CE9-AECF-FF9645DBB3EC}.Debug|Any CPU.Build.0 = Debug|Any CPU
		{45693A4F-4668-4CE9-AECF-FF9645DBB3EC}.Debug|x64.ActiveCfg = Debug|x64
		{45693A4F-4668-4CE9-AECF-FF9645DBB3EC}.Debug|x64.Build.0 = Debug|x64
		{45693A4F-4668-4CE9-AECF-FF9645DBB3EC}.Debug|x86.ActiveCfg = Debug|x86
		{45693A4F-4668-4CE9-AECF-FF9645DBB3EC}.Debug|x86.Build.0 = Debug|x86
		{45693A4F-4668-4CE9-AECF-FF9645DBB3EC}.Release|Any CPU.ActiveCfg = Release|Any CPU
		{45693A4F-4668-4CE9-AECF-FF9645DBB3EC}.Release|Any CPU.Build.0 = Release|Any CPU
		{45693A4F-4668-4CE9-AECF-FF9645DBB3EC}.Release|x64.ActiveCfg = Release|x64
		{45693A4F-4668-4CE9-AECF-FF9645DBB3EC}.Release|x64.Build.0 = Release|x64
		{45693A4F-4668-4CE9-AECF-FF9645DBB3EC}.Release|x86.ActiveCfg = Release|x86
		{45693A4F-4668-4CE9-AECF-FF9645DBB3EC}.Release|x86.Build.0 = Release|x86
	EndGlobalSection
EndGlobal
